// !$*UTF8*$!
{
	archiveVersion = 1;
	classes = {
	};
	objectVersion = 46;
	objects = {

/* Begin PBXBuildFile section */
		1A61B6EB1DE5C8B100171F74 /* main.m in Sources */ = {isa = PBXBuildFile; fileRef = 1A61B6EA1DE5C8B100171F74 /* main.m */; };
		1A61B6EE1DE5C8B100171F74 /* AppDelegate.m in Sources */ = {isa = PBXBuildFile; fileRef = 1A61B6ED1DE5C8B100171F74 /* AppDelegate.m */; };
		1A61B6F11DE5C8B100171F74 /* ViewController.m in Sources */ = {isa = PBXBuildFile; fileRef = 1A61B6F01DE5C8B100171F74 /* ViewController.m */; };
		1A61B6F41DE5C8B100171F74 /* Main.storyboard in Resources */ = {isa = PBXBuildFile; fileRef = 1A61B6F21DE5C8B100171F74 /* Main.storyboard */; };
		1A61B6F61DE5C8B100171F74 /* Assets.xcassets in Resources */ = {isa = PBXBuildFile; fileRef = 1A61B6F51DE5C8B100171F74 /* Assets.xcassets */; };
		1A61B6F91DE5C8B100171F74 /* LaunchScreen.storyboard in Resources */ = {isa = PBXBuildFile; fileRef = 1A61B6F71DE5C8B100171F74 /* LaunchScreen.storyboard */; };
		1A61B7041DE5C8B100171F74 /* bugeaseTestUITests.m in Sources */ = {isa = PBXBuildFile; fileRef = 1A61B7031DE5C8B100171F74 /* bugeaseTestUITests.m */; };
		1A61B7131DE5C90800171F74 /* libz.1.dylib in Frameworks */ = {isa = PBXBuildFile; fileRef = 1A61B7121DE5C90800171F74 /* libz.1.dylib */; };
/* End PBXBuildFile section */

/* Begin PBXContainerItemProxy section */
		1A61B7001DE5C8B100171F74 /* PBXContainerItemProxy */ = {
			isa = PBXContainerItemProxy;
			containerPortal = 1A61B6DE1DE5C8B100171F74 /* Project object */;
			proxyType = 1;
			remoteGlobalIDString = 1A61B6E51DE5C8B100171F74;
			remoteInfo = bugeaseTest;
		};
/* End PBXContainerItemProxy section */

/* Begin PBXFileReference section */
		1A61B6E61DE5C8B100171F74 /* bugeaseTest.app */ = {isa = PBXFileReference; explicitFileType = wrapper.application; includeInIndex = 0; path = bugeaseTest.app; sourceTree = BUILT_PRODUCTS_DIR; };
		1A61B6EA1DE5C8B100171F74 /* main.m */ = {isa = PBXFileReference; lastKnownFileType = sourcecode.c.objc; path = main.m; sourceTree = "<group>"; };
		1A61B6EC1DE5C8B100171F74 /* AppDelegate.h */ = {isa = PBXFileReference; lastKnownFileType = sourcecode.c.h; path = AppDelegate.h; sourceTree = "<group>"; };
		1A61B6ED1DE5C8B100171F74 /* AppDelegate.m */ = {isa = PBXFileReference; lastKnownFileType = sourcecode.c.objc; path = AppDelegate.m; sourceTree = "<group>"; };
		1A61B6EF1DE5C8B100171F74 /* ViewController.h */ = {isa = PBXFileReference; lastKnownFileType = sourcecode.c.h; path = ViewController.h; sourceTree = "<group>"; };
		1A61B6F01DE5C8B100171F74 /* ViewController.m */ = {isa = PBXFileReference; lastKnownFileType = sourcecode.c.objc; path = ViewController.m; sourceTree = "<group>"; };
		1A61B6F31DE5C8B100171F74 /* Base */ = {isa = PBXFileReference; lastKnownFileType = file.storyboard; name = Base; path = Base.lproj/Main.storyboard; sourceTree = "<group>"; };
		1A61B6F51DE5C8B100171F74 /* Assets.xcassets */ = {isa = PBXFileReference; lastKnownFileType = folder.assetcatalog; path = Assets.xcassets; sourceTree = "<group>"; };
		1A61B6F81DE5C8B100171F74 /* Base */ = {isa = PBXFileReference; lastKnownFileType = file.storyboard; name = Base; path = Base.lproj/LaunchScreen.storyboard; sourceTree = "<group>"; };
		1A61B6FA1DE5C8B100171F74 /* Info.plist */ = {isa = PBXFileReference; lastKnownFileType = text.plist.xml; path = Info.plist; sourceTree = "<group>"; };
		1A61B6FF1DE5C8B100171F74 /* bugeaseTestUITests.xctest */ = {isa = PBXFileReference; explicitFileType = wrapper.cfbundle; includeInIndex = 0; path = bugeaseTestUITests.xctest; sourceTree = BUILT_PRODUCTS_DIR; };
		1A61B7031DE5C8B100171F74 /* bugeaseTestUITests.m */ = {isa = PBXFileReference; lastKnownFileType = sourcecode.c.objc; path = bugeaseTestUITests.m; sourceTree = "<group>"; };
		1A61B7051DE5C8B100171F74 /* Info.plist */ = {isa = PBXFileReference; lastKnownFileType = text.plist.xml; path = Info.plist; sourceTree = "<group>"; };
		1A61B7121DE5C90800171F74 /* libz.1.dylib */ = {isa = PBXFileReference; lastKnownFileType = "compiled.mach-o.dylib"; path = libz.1.dylib; sourceTree = "<group>"; };
/* End PBXFileReference section */

/* Begin PBXFrameworksBuildPhase section */
		1A61B6E31DE5C8B100171F74 /* Frameworks */ = {
			isa = PBXFrameworksBuildPhase;
			buildActionMask = 2147483647;
			files = (
				1A61B7131DE5C90800171F74 /* libz.1.dylib in Frameworks */,
			);
			runOnlyForDeploymentPostprocessing = 0;
		};
		1A61B6FC1DE5C8B100171F74 /* Frameworks */ = {
			isa = PBXFrameworksBuildPhase;
			buildActionMask = 2147483647;
			files = (
			);
			runOnlyForDeploymentPostprocessing = 0;
		};
/* End PBXFrameworksBuildPhase section */

/* Begin PBXGroup section */
		1A61B6DD1DE5C8B100171F74 = {
			isa = PBXGroup;
			children = (
				1A61B7121DE5C90800171F74 /* libz.1.dylib */,
				1A61B6E81DE5C8B100171F74 /* bugeaseTest */,
				1A61B7021DE5C8B100171F74 /* bugeaseTestUITests */,
				1A61B6E71DE5C8B100171F74 /* Products */,
			);
			sourceTree = "<group>";
		};
		1A61B6E71DE5C8B100171F74 /* Products */ = {
			isa = PBXGroup;
			children = (
				1A61B6E61DE5C8B100171F74 /* bugeaseTest.app */,
				1A61B6FF1DE5C8B100171F74 /* bugeaseTestUITests.xctest */,
			);
			name = Products;
			sourceTree = "<group>";
		};
		1A61B6E81DE5C8B100171F74 /* bugeaseTest */ = {
			isa = PBXGroup;
			children = (
				1A61B6EC1DE5C8B100171F74 /* AppDelegate.h */,
				1A61B6ED1DE5C8B100171F74 /* AppDelegate.m */,
				1A61B6EF1DE5C8B100171F74 /* ViewController.h */,
				1A61B6F01DE5C8B100171F74 /* ViewController.m */,
				1A61B6F21DE5C8B100171F74 /* Main.storyboard */,
				1A61B6F51DE5C8B100171F74 /* Assets.xcassets */,
				1A61B6F71DE5C8B100171F74 /* LaunchScreen.storyboard */,
				1A61B6FA1DE5C8B100171F74 /* Info.plist */,
				1A61B6E91DE5C8B100171F74 /* Supporting Files */,
			);
			path = bugeaseTest;
			sourceTree = "<group>";
		};
		1A61B6E91DE5C8B100171F74 /* Supporting Files */ = {
			isa = PBXGroup;
			children = (
				1A61B6EA1DE5C8B100171F74 /* main.m */,
			);
			name = "Supporting Files";
			sourceTree = "<group>";
		};
		1A61B7021DE5C8B100171F74 /* bugeaseTestUITests */ = {
			isa = PBXGroup;
			children = (
				1A61B7031DE5C8B100171F74 /* bugeaseTestUITests.m */,
				1A61B7051DE5C8B100171F74 /* Info.plist */,
			);
			path = bugeaseTestUITests;
			sourceTree = "<group>";
		};
/* End PBXGroup section */

/* Begin PBXNativeTarget section */
		1A61B6E51DE5C8B100171F74 /* bugeaseTest */ = {
			isa = PBXNativeTarget;
			buildConfigurationList = 1A61B7081DE5C8B100171F74 /* Build configuration list for PBXNativeTarget "bugeaseTest" */;
			buildPhases = (
				1A61B6E21DE5C8B100171F74 /* Sources */,
				1A61B6E31DE5C8B100171F74 /* Frameworks */,
				1A61B6E41DE5C8B100171F74 /* Resources */,
			);
			buildRules = (
			);
			dependencies = (
			);
			name = bugeaseTest;
			productName = bugeaseTest;
			productReference = 1A61B6E61DE5C8B100171F74 /* bugeaseTest.app */;
			productType = "com.apple.product-type.application";
		};
		1A61B6FE1DE5C8B100171F74 /* bugeaseTestUITests */ = {
			isa = PBXNativeTarget;
			buildConfigurationList = 1A61B70B1DE5C8B100171F74 /* Build configuration list for PBXNativeTarget "bugeaseTestUITests" */;
			buildPhases = (
				1A61B6FB1DE5C8B100171F74 /* Sources */,
				1A61B6FC1DE5C8B100171F74 /* Frameworks */,
				1A61B6FD1DE5C8B100171F74 /* Resources */,
			);
			buildRules = (
			);
			dependencies = (
				1A61B7011DE5C8B100171F74 /* PBXTargetDependency */,
			);
			name = bugeaseTestUITests;
			productName = bugeaseTestUITests;
			productReference = 1A61B6FF1DE5C8B100171F74 /* bugeaseTestUITests.xctest */;
			productType = "com.apple.product-type.bundle.ui-testing";
		};
/* End PBXNativeTarget section */

/* Begin PBXProject section */
		1A61B6DE1DE5C8B100171F74 /* Project object */ = {
			isa = PBXProject;
			attributes = {
				LastUpgradeCheck = 0730;
				ORGANIZATIONNAME = gouchengfu;
				TargetAttributes = {
					1A61B6E51DE5C8B100171F74 = {
						CreatedOnToolsVersion = 7.3.1;
						DevelopmentTeam = Z5JXPMXCHG;
					};
					1A61B6FE1DE5C8B100171F74 = {
						CreatedOnToolsVersion = 7.3.1;
						DevelopmentTeam = Z5JXPMXCHG;
						TestTargetID = 1A61B6E51DE5C8B100171F74;
					};
				};
			};
			buildConfigurationList = 1A61B6E11DE5C8B100171F74 /* Build configuration list for PBXProject "bugeaseTest" */;
			compatibilityVersion = "Xcode 3.2";
			developmentRegion = English;
			hasScannedForEncodings = 0;
			knownRegions = (
				en,
				Base,
			);
			mainGroup = 1A61B6DD1DE5C8B100171F74;
			productRefGroup = 1A61B6E71DE5C8B100171F74 /* Products */;
			projectDirPath = "";
			projectRoot = "";
			targets = (
				1A61B6E51DE5C8B100171F74 /* bugeaseTest */,
				1A61B6FE1DE5C8B100171F74 /* bugeaseTestUITests */,
			);
		};
/* End PBXProject section */

/* Begin PBXResourcesBuildPhase section */
		1A61B6E41DE5C8B100171F74 /* Resources */ = {
			isa = PBXResourcesBuildPhase;
			buildActionMask = 2147483647;
			files = (
				1A61B6F91DE5C8B100171F74 /* LaunchScreen.storyboard in Resources */,
				1A61B6F61DE5C8B100171F74 /* Assets.xcassets in Resources */,
				1A61B6F41DE5C8B100171F74 /* Main.storyboard in Resources */,
			);
			runOnlyForDeploymentPostprocessing = 0;
		};
		1A61B6FD1DE5C8B100171F74 /* Resources */ = {
			isa = PBXResourcesBuildPhase;
			buildActionMask = 2147483647;
			files = (
			);
			runOnlyForDeploymentPostprocessing = 0;
		};
/* End PBXResourcesBuildPhase section */

/* Begin PBXSourcesBuildPhase section */
		1A61B6E21DE5C8B100171F74 /* Sources */ = {
			isa = PBXSourcesBuildPhase;
			buildActionMask = 2147483647;
			files = (
				1A61B6F11DE5C8B100171F74 /* ViewController.m in Sources */,
				1A61B6EE1DE5C8B100171F74 /* AppDelegate.m in Sources */,
				1A61B6EB1DE5C8B100171F74 /* main.m in Sources */,
			);
			runOnlyForDeploymentPostprocessing = 0;
		};
		1A61B6FB1DE5C8B100171F74 /* Sources */ = {
			isa = PBXSourcesBuildPhase;
			buildActionMask = 2147483647;
			files = (
				1A61B7041DE5C8B100171F74 /* bugeaseTestUITests.m in Sources */,
			);
			runOnlyForDeploymentPostprocessing = 0;
		};
/* End PBXSourcesBuildPhase section */

/* Begin PBXTargetDependency section */
		1A61B7011DE5C8B100171F74 /* PBXTargetDependency */ = {
			isa = PBXTargetDependency;
			target = 1A61B6E51DE5C8B100171F74 /* bugeaseTest */;
			targetProxy = 1A61B7001DE5C8B100171F74 /* PBXContainerItemProxy */;
		};
/* End PBXTargetDependency section */

/* Begin PBXVariantGroup section */
		1A61B6F21DE5C8B100171F74 /* Main.storyboard */ = {
			isa = PBXVariantGroup;
			children = (
				1A61B6F31DE5C8B100171F74 /* Base */,
			);
			name = Main.storyboard;
			sourceTree = "<group>";
		};
		1A61B6F71DE5C8B100171F74 /* LaunchScreen.storyboard */ = {
			isa = PBXVariantGroup;
			children = (
				1A61B6F81DE5C8B100171F74 /* Base */,
			);
			name = LaunchScreen.storyboard;
			sourceTree = "<group>";
		};
/* End PBXVariantGroup section */

/* Begin XCBuildConfiguration section */
		1A61B7061DE5C8B100171F74 /* Debug */ = {
			isa = XCBuildConfiguration;
			buildSettings = {
				ALWAYS_SEARCH_USER_PATHS = NO;
				CLANG_ANALYZER_NONNULL = YES;
				CLANG_CXX_LANGUAGE_STANDARD = "gnu++0x";
				CLANG_CXX_LIBRARY = "libc++";
				CLANG_ENABLE_MODULES = YES;
				CLANG_ENABLE_OBJC_ARC = YES;
				CLANG_WARN_BOOL_CONVERSION = YES;
				CLANG_WARN_CONSTANT_CONVERSION = YES;
				CLANG_WARN_DIRECT_OBJC_ISA_USAGE = YES_ERROR;
				CLANG_WARN_EMPTY_BODY = YES;
				CLANG_WARN_ENUM_CONVERSION = YES;
				CLANG_WARN_INT_CONVERSION = YES;
				CLANG_WARN_OBJC_ROOT_CLASS = YES_ERROR;
				CLANG_WARN_UNREACHABLE_CODE = YES;
				CLANG_WARN__DUPLICATE_METHOD_MATCH = YES;
				"CODE_SIGN_IDENTITY[sdk=iphoneos*]" = "iPhone Developer";
				COPY_PHASE_STRIP = NO;
				DEBUG_INFORMATION_FORMAT = dwarf;
				ENABLE_STRICT_OBJC_MSGSEND = YES;
				ENABLE_TESTABILITY = YES;
				GCC_C_LANGUAGE_STANDARD = gnu99;
				GCC_DYNAMIC_NO_PIC = NO;
				GCC_NO_COMMON_BLOCKS = YES;
				GCC_OPTIMIZATION_LEVEL = 0;
				GCC_PREPROCESSOR_DEFINITIONS = (
					"DEBUG=1",
					"$(inherited)",
				);
				GCC_WARN_64_TO_32_BIT_CONVERSION = YES;
				GCC_WARN_ABOUT_RETURN_TYPE = YES_ERROR;
				GCC_WARN_UNDECLARED_SELECTOR = YES;
				GCC_WARN_UNINITIALIZED_AUTOS = YES_AGGRESSIVE;
				GCC_WARN_UNUSED_FUNCTION = YES;
				GCC_WARN_UNUSED_VARIABLE = YES;
				IPHONEOS_DEPLOYMENT_TARGET = 9.3;
				MTL_ENABLE_DEBUG_INFO = YES;
				ONLY_ACTIVE_ARCH = YES;
				SDKROOT = iphoneos;
			};
			name = Debug;
		};
		1A61B7071DE5C8B100171F74 /* Release */ = {
			isa = XCBuildConfiguration;
			buildSettings = {
				ALWAYS_SEARCH_USER_PATHS = NO;
				CLANG_ANALYZER_NONNULL = YES;
				CLANG_CXX_LANGUAGE_STANDARD = "gnu++0x";
				CLANG_CXX_LIBRARY = "libc++";
				CLANG_ENABLE_MODULES = YES;
				CLANG_ENABLE_OBJC_ARC = YES;
				CLANG_WARN_BOOL_CONVERSION = YES;
				CLANG_WARN_CONSTANT_CONVERSION = YES;
				CLANG_WARN_DIRECT_OBJC_ISA_USAGE = YES_ERROR;
				CLANG_WARN_EMPTY_BODY = YES;
				CLANG_WARN_ENUM_CONVERSION = YES;
				CLANG_WARN_INT_CONVERSION = YES;
				CLANG_WARN_OBJC_ROOT_CLASS = YES_ERROR;
				CLANG_WARN_UNREACHABLE_CODE = YES;
				CLANG_WARN__DUPLICATE_METHOD_MATCH = YES;
				"CODE_SIGN_IDENTITY[sdk=iphoneos*]" = "iPhone Developer";
				COPY_PHASE_STRIP = NO;
				DEBUG_INFORMATION_FORMAT = "dwarf-with-dsym";
				ENABLE_NS_ASSERTIONS = NO;
				ENABLE_STRICT_OBJC_MSGSEND = YES;
				GCC_C_LANGUAGE_STANDARD = gnu99;
				GCC_NO_COMMON_BLOCKS = YES;
				GCC_WARN_64_TO_32_BIT_CONVERSION = YES;
				GCC_WARN_ABOUT_RETURN_TYPE = YES_ERROR;
				GCC_WARN_UNDECLARED_SELECTOR = YES;
				GCC_WARN_UNINITIALIZED_AUTOS = YES_AGGRESSIVE;
				GCC_WARN_UNUSED_FUNCTION = YES;
				GCC_WARN_UNUSED_VARIABLE = YES;
				IPHONEOS_DEPLOYMENT_TARGET = 9.3;
				MTL_ENABLE_DEBUG_INFO = NO;
				SDKROOT = iphoneos;
				VALIDATE_PRODUCT = YES;
			};
			name = Release;
		};
		1A61B7091DE5C8B100171F74 /* Debug */ = {
			isa = XCBuildConfiguration;
			buildSettings = {
				ASSETCATALOG_COMPILER_APPICON_NAME = AppIcon;
				FRAMEWORK_SEARCH_PATHS = (
					"$(inherited)",
					"$(PROJECT_DIR)",
				);
				INFOPLIST_FILE = bugeaseTest/Info.plist;
				LD_RUNPATH_SEARCH_PATHS = "$(inherited) @executable_path/Frameworks";
				LIBRARY_SEARCH_PATHS = (
					"$(inherited)",
					"$(PROJECT_DIR)",
				);
				OTHER_CODE_SIGN_FLAGS = "-ObjC";
				PRODUCT_BUNDLE_IDENTIFIER = com.MySuperCompany.bugeaseTest;
				PRODUCT_NAME = "$(TARGET_NAME)";
			};
			name = Debug;
		};
		1A61B70A1DE5C8B100171F74 /* Release */ = {
			isa = XCBuildConfiguration;
			buildSettings = {
				ASSETCATALOG_COMPILER_APPICON_NAME = AppIcon;
				FRAMEWORK_SEARCH_PATHS = (
					"$(inherited)",
					"$(PROJECT_DIR)",
				);
				INFOPLIST_FILE = bugeaseTest/Info.plist;
				LD_RUNPATH_SEARCH_PATHS = "$(inherited) @executable_path/Frameworks";
				LIBRARY_SEARCH_PATHS = (
					"$(inherited)",
					"$(PROJECT_DIR)",
				);
				OTHER_CODE_SIGN_FLAGS = "-ObjC";
				PRODUCT_BUNDLE_IDENTIFIER = com.MySuperCompany.bugeaseTest;
				PRODUCT_NAME = "$(TARGET_NAME)";
			};
			name = Release;
		};
		1A61B70C1DE5C8B100171F74 /* Debug */ = {
			isa = XCBuildConfiguration;
			buildSettings = {
				INFOPLIST_FILE = bugeaseTestUITests/Info.plist;
				LD_RUNPATH_SEARCH_PATHS = "$(inherited) @executable_path/Frameworks @loader_path/Frameworks";
				PRODUCT_BUNDLE_IDENTIFIER = com.MySuperCompany.bugeaseTestUITests;
				PRODUCT_NAME = "$(TARGET_NAME)";
				TEST_TARGET_NAME = bugeaseTest;
			};
			name = Debug;
		};
		1A61B70D1DE5C8B100171F74 /* Release */ = {
			isa = XCBuildConfiguration;
			buildSettings = {
				INFOPLIST_FILE = bugeaseTestUITests/Info.plist;
				LD_RUNPATH_SEARCH_PATHS = "$(inherited) @executable_path/Frameworks @loader_path/Frameworks";
				PRODUCT_BUNDLE_IDENTIFIER = com.MySuperCompany.bugeaseTestUITests;
				PRODUCT_NAME = "$(TARGET_NAME)";
				TEST_TARGET_NAME = bugeaseTest;
			};
			name = Release;
		};
/* End XCBuildConfiguration section */

/* Begin XCConfigurationList section */
		1A61B6E11DE5C8B100171F74 /* Build configuration list for PBXProject "bugeaseTest" */ = {
			isa = XCConfigurationList;
			buildConfigurations = (
				1A61B7061DE5C8B100171F74 /* Debug */,
				1A61B7071DE5C8B100171F74 /* Release */,
			);
			defaultConfigurationIsVisible = 0;
			defaultConfigurationName = Release;
		};
		1A61B7081DE5C8B100171F74 /* Build configuration list for PBXNativeTarget "bugeaseTest" */ = {
			isa = XCConfigurationList;
			buildConfigurations = (
				1A61B7091DE5C8B100171F74 /* Debug */,
				1A61B70A1DE5C8B100171F74 /* Release */,
			);
			defaultConfigurationIsVisible = 0;
			defaultConfigurationName = Release;
		};
		1A61B70B1DE5C8B100171F74 /* Build configuration list for PBXNativeTarget "bugeaseTestUITests" */ = {
			isa = XCConfigurationList;
			buildConfigurations = (
				1A61B70C1DE5C8B100171F74 /* Debug */,
				1A61B70D1DE5C8B100171F74 /* Release */,
			);
			defaultConfigurationIsVisible = 0;
			defaultConfigurationName = Release;
		};
/* End XCConfigurationList section */
	};
	rootObject = 1A61B6DE1DE5C8B100171F74 /* Project object */;
}
